
Microsoft Visual Studio Solution File, Format Version 12.00
# Visual Studio 2012
Project("{930C7802-8A8C-48F9-8165-68863BCCD9DD}") = "WiXBootstrapper", "WiXInstaller\WiXBootstrapper.wixproj", "{B840B33F-D8C7-44E7-B140-DECD7CD55459}"
	ProjectSection(ProjectDependencies) = postProject
		{C1CC9F0D-183A-4DFB-A932-87289EEA186B} = {C1CC9F0D-183A-4DFB-A932-87289EEA186B}
		{0B27B018-FE3E-4C9C-B749-FA0882561DAD} = {0B27B018-FE3E-4C9C-B749-FA0882561DAD}
	EndProjectSection
EndProject
Project("{FAE04EC0-301F-11D3-BF4B-00C04F79EFBC}") = "SuiteEng", "SuiteEng\SuiteEng.csproj", "{3BFFACD4-7416-4479-B702-A801CDE7051B}"
EndProject
Project("{FAE04EC0-301F-11D3-BF4B-00C04F79EFBC}") = "SuiteEngConf", "SuiteEngConf\SuiteEngConf.csproj", "{9884224C-5184-4688-B21A-DB68CF7DA6F9}"
EndProject
Project("{930C7802-8A8C-48F9-8165-68863BCCD9DD}") = "SuiteEng_MSIPackage", "WiXInstaller\SuiteEng_MSIPackage.wixproj", "{0B27B018-FE3E-4C9C-B749-FA0882561DAD}"
EndProject
Project("{930C7802-8A8C-48F9-8165-68863BCCD9DD}") = "SuiteWeb_MSIPackage", "WiXInstaller\SuiteWeb_MSIPackage.wixproj", "{C1CC9F0D-183A-4DFB-A932-87289EEA186B}"
EndProject
Global
	GlobalSection(SolutionConfigurationPlatforms) = preSolution
		Debug|Any CPU = Debug|Any CPU
		Debug|Mixed Platforms = Debug|Mixed Platforms
		Debug|x64 = Debug|x64
		Debug|x86 = Debug|x86
		Release|Any CPU = Release|Any CPU
		Release|Mixed Platforms = Release|Mixed Platforms
		Release|x64 = Release|x64
		Release|x86 = Release|x86
	EndGlobalSection
	GlobalSection(ProjectConfigurationPlatforms) = postSolution
		{B840B33F-D8C7-44E7-B140-DECD7CD55459}.Debug|Any CPU.ActiveCfg = Debug|x86
		{B840B33F-D8C7-44E7-B140-DECD7CD55459}.Debug|Mixed Platforms.ActiveCfg = Debug|x86
		{B840B33F-D8C7-44E7-B140-DECD7CD55459}.Debug|Mixed Platforms.Build.0 = Debug|x86
		{B840B33F-D8C7-44E7-B140-DECD7CD55459}.Debug|x64.ActiveCfg = Debug|x86
		{B840B33F-D8C7-44E7-B140-DECD7CD55459}.Debug|x86.ActiveCfg = Debug|x86
		{B840B33F-D8C7-44E7-B140-DECD7CD55459}.Debug|x86.Build.0 = Debug|x86
		{B840B33F-D8C7-44E7-B140-DECD7CD55459}.Release|Any CPU.ActiveCfg = Release|x86
		{B840B33F-D8C7-44E7-B140-DECD7CD55459}.Release|Mixed Platforms.ActiveCfg = Release|x86
		{B840B33F-D8C7-44E7-B140-DECD7CD55459}.Release|Mixed Platforms.Build.0 = Release|x86
		{B840B33F-D8C7-44E7-B140-DECD7CD55459}.Release|x64.ActiveCfg = Release|x86
		{B840B33F-D8C7-44E7-B140-DECD7CD55459}.Release|x86.ActiveCfg = Release|x86
		{B840B33F-D8C7-44E7-B140-DECD7CD55459}.Release|x86.Build.0 = Release|x86
		{3BFFACD4-7416-4479-B702-A801CDE7051B}.Debug|Any CPU.ActiveCfg = Debug|Any CPU
		{3BFFACD4-7416-4479-B702-A801CDE7051B}.Debug|Any CPU.Build.0 = Debug|Any CPU
		{3BFFACD4-7416-4479-B702-A801CDE7051B}.Debug|Mixed Platforms.ActiveCfg = Debug|Any CPU
		{3BFFACD4-7416-4479-B702-A801CDE7051B}.Debug|Mixed Platforms.Build.0 = Debug|Any CPU
		{3BFFACD4-7416-4479-B702-A801CDE7051B}.Debug|x64.ActiveCfg = Debug|Any CPU
		{3BFFACD4-7416-4479-B702-A801CDE7051B}.Debug|x86.ActiveCfg = Debug|Any CPU
		{3BFFACD4-7416-4479-B702-A801CDE7051B}.Release|Any CPU.ActiveCfg = Release|Any CPU
		{3BFFACD4-7416-4479-B702-A801CDE7051B}.Release|Any CPU.Build.0 = Release|Any CPU
		{3BFFACD4-7416-4479-B702-A801CDE7051B}.Release|Mixed Platforms.ActiveCfg = Release|Any CPU
		{3BFFACD4-7416-4479-B702-A801CDE7051B}.Release|Mixed Platforms.Build.0 = Release|Any CPU
		{3BFFACD4-7416-4479-B702-A801CDE7051B}.Release|x64.ActiveCfg = Release|Any CPU
		{3BFFACD4-7416-4479-B702-A801CDE7051B}.Release|x86.ActiveCfg = Release|Any CPU
		{9884224C-5184-4688-B21A-DB68CF7DA6F9}.Debug|Any CPU.ActiveCfg = Debug|Any CPU
		{9884224C-5184-4688-B21A-DB68CF7DA6F9}.Debug|Any CPU.Build.0 = Debug|Any CPU
		{9884224C-5184-4688-B21A-DB68CF7DA6F9}.Debug|Mixed Platforms.ActiveCfg = Debug|Any CPU
		{9884224C-5184-4688-B21A-DB68CF7DA6F9}.Debug|Mixed Platforms.Build.0 = Debug|Any CPU
		{9884224C-5184-4688-B21A-DB68CF7DA6F9}.Debug|x64.ActiveCfg = Debug|Any CPU
		{9884224C-5184-4688-B21A-DB68CF7DA6F9}.Debug|x86.ActiveCfg = Debug|Any CPU
		{9884224C-5184-4688-B21A-DB68CF7DA6F9}.Release|Any CPU.ActiveCfg = Release|Any CPU
		{9884224C-5184-4688-B21A-DB68CF7DA6F9}.Release|Any CPU.Build.0 = Release|Any CPU
		{9884224C-5184-4688-B21A-DB68CF7DA6F9}.Release|Mixed Platforms.ActiveCfg = Release|Any CPU
		{9884224C-5184-4688-B21A-DB68CF7DA6F9}.Release|Mixed Platforms.Build.0 = Release|Any CPU
		{9884224C-5184-4688-B21A-DB68CF7DA6F9}.Release|x64.ActiveCfg = Release|Any CPU
		{9884224C-5184-4688-B21A-DB68CF7DA6F9}.Release|x86.ActiveCfg = Release|Any CPU
		{0B27B018-FE3E-4C9C-B749-FA0882561DAD}.Debug|Any CPU.ActiveCfg = Debug|x86
		{0B27B018-FE3E-4C9C-B749-FA0882561DAD}.Debug|Mixed Platforms.ActiveCfg = Debug|x86
		{0B27B018-FE3E-4C9C-B749-FA0882561DAD}.Debug|Mixed Platforms.Build.0 = Debug|x86
		{0B27B018-FE3E-4C9C-B749-FA0882561DAD}.Debug|x64.ActiveCfg = Debug|x64
		{0B27B018-FE3E-4C9C-B749-FA0882561DAD}.Debug|x64.Build.0 = Debug|x64
		{0B27B018-FE3E-4C9C-B749-FA0882561DAD}.Debug|x86.ActiveCfg = Debug|x86
		{0B27B018-FE3E-4C9C-B749-FA0882561DAD}.Debug|x86.Build.0 = Debug|x86
		{0B27B018-FE3E-4C9C-B749-FA0882561DAD}.Release|Any CPU.ActiveCfg = Release|x86
		{0B27B018-FE3E-4C9C-B749-FA0882561DAD}.Release|Mixed Platforms.ActiveCfg = Release|x86
		{0B27B018-FE3E-4C9C-B749-FA0882561DAD}.Release|Mixed Platforms.Build.0 = Release|x86
		{0B27B018-FE3E-4C9C-B749-FA0882561DAD}.Release|x64.ActiveCfg = Release|x64
		{0B27B018-FE3E-4C9C-B749-FA0882561DAD}.Release|x64.Build.0 = Release|x64
		{0B27B018-FE3E-4C9C-B749-FA0882561DAD}.Release|x86.ActiveCfg = Release|x86
		{0B27B018-FE3E-4C9C-B749-FA0882561DAD}.Release|x86.Build.0 = Release|x86
		{C1CC9F0D-183A-4DFB-A932-87289EEA186B}.Debug|Any CPU.ActiveCfg = Debug|x86
		{C1CC9F0D-183A-4DFB-A932-87289EEA186B}.Debug|Mixed Platforms.ActiveCfg = Debug|x86
		{C1CC9F0D-183A-4DFB-A932-87289EEA186B}.Debug|Mixed Platforms.Build.0 = Debug|x86
		{C1CC9F0D-183A-4DFB-A932-87289EEA186B}.Debug|x64.ActiveCfg = Debug|x64
		{C1CC9F0D-183A-4DFB-A932-87289EEA186B}.Debug|x64.Build.0 = Debug|x64
		{C1CC9F0D-183A-4DFB-A932-87289EEA186B}.Debug|x86.ActiveCfg = Debug|x86
		{C1CC9F0D-183A-4DFB-A932-87289EEA186B}.Debug|x86.Build.0 = Debug|x86
		{C1CC9F0D-183A-4DFB-A932-87289EEA186B}.Release|Any CPU.ActiveCfg = Release|x86
		{C1CC9F0D-183A-4DFB-A932-87289EEA186B}.Release|Mixed Platforms.ActiveCfg = Release|x86
		{C1CC9F0D-183A-4DFB-A932-87289EEA186B}.Release|Mixed Platforms.Build.0 = Release|x86
		{C1CC9F0D-183A-4DFB-A932-87289EEA186B}.Release|x64.ActiveCfg = Release|x64
		{C1CC9F0D-183A-4DFB-A932-87289EEA186B}.Release|x64.Build.0 = Release|x64
		{C1CC9F0D-183A-4DFB-A932-87289EEA186B}.Release|x86.ActiveCfg = Release|x86
		{C1CC9F0D-183A-4DFB-A932-87289EEA186B}.Release|x86.Build.0 = Release|x86
	EndGlobalSection
	GlobalSection(SolutionProperties) = preSolution
		HideSolutionNode = FALSE
	EndGlobalSection
EndGlobal
